
Microsoft Visual Studio Solution File, Format Version 12.00
# Visual Studio 15
VisualStudioVersion = 15.0.28307.168
MinimumVisualStudioVersion = 10.0.40219.1
Project("{FAE04EC0-301F-11D3-BF4B-00C04F79EFBC}") = "Desafios", "Desafios\Desafios.csproj", "{4CDA69E3-D2B6-47B8-87BA-B282A2C2EAAF}"
EndProject
Global
	GlobalSection(SolutionConfigurationPlatforms) = preSolution
		Debug|Any CPU = Debug|Any CPU
		Release|Any CPU = Release|Any CPU
	EndGlobalSection
	GlobalSection(ProjectConfigurationPlatforms) = postSolution
		{4CDA69E3-D2B6-47B8-87BA-B282A2C2EAAF}.Debug|Any CPU.ActiveCfg = Debug|Any CPU
		{4CDA69E3-D2B6-47B8-87BA-B282A2C2EAAF}.Debug|Any CPU.Build.0 = Debug|Any CPU
		{4CDA69E3-D2B6-47B8-87BA-B282A2C2EAAF}.Release|Any CPU.ActiveCfg = Release|Any CPU
		{4CDA69E3-D2B6-47B8-87BA-B282A2C2EAAF}.Release|Any CPU.Build.0 = Release|Any CPU
	EndGlobalSection
	GlobalSection(SolutionProperties) = preSolution
		HideSolutionNode = FALSE
	EndGlobalSection
	GlobalSection(ExtensibilityGlobals) = postSolution
		SolutionGuid = {7C5E70BA-6C71-43FB-8A35-797E8C331650}
	EndGlobalSection
EndGlobal
